
Microsoft Visual Studio Solution File, Format Version 12.00
# Visual Studio Version 17
VisualStudioVersion = 17.14.36301.6 d17.14
MinimumVisualStudioVersion = 10.0.40219.1
Project("{FAE04EC0-301F-11D3-BF4B-00C04F79EFBC}") = "AssignmentC#Adv-01", "AssignmentC#Adv-01\AssignmentC#Adv-01.csproj", "{E334BF12-392B-4395-B9BA-00AD77704E47}"
EndProject
Global
	GlobalSection(SolutionConfigurationPlatforms) = preSolution
		Debug|Any CPU = Debug|Any CPU
		Release|Any CPU = Release|Any CPU
	EndGlobalSection
	GlobalSection(ProjectConfigurationPlatforms) = postSolution
		{E334BF12-392B-4395-B9BA-00AD77704E47}.Debug|Any CPU.ActiveCfg = Debug|Any CPU
		{E334BF12-392B-4395-B9BA-00AD77704E47}.Debug|Any CPU.Build.0 = Debug|Any CPU
		{E334BF12-392B-4395-B9BA-00AD77704E47}.Release|Any CPU.ActiveCfg = Release|Any CPU
		{E334BF12-392B-4395-B9BA-00AD77704E47}.Release|Any CPU.Build.0 = Release|Any CPU
	EndGlobalSection
	GlobalSection(SolutionProperties) = preSolution
		HideSolutionNode = FALSE
	EndGlobalSection
	GlobalSection(ExtensibilityGlobals) = postSolution
		SolutionGuid = {5CA70D6C-2064-46A3-8BF6-9460388A58DD}
	EndGlobalSection
EndGlobal
